// !$*UTF8*$!
{
	archiveVersion = 1;
	classes = {
	};
	objectVersion = 50;
	objects = {

/* Begin PBXBuildFile section */
		0E1216B726657DD90078826A /* Storyboard.storyboard in Resources */ = {isa = PBXBuildFile; fileRef = 0E1216B626657DD90078826A /* Storyboard.storyboard */; };
		0EABD7CB26613A9C001BE28C /* AppDelegate.swift in Sources */ = {isa = PBXBuildFile; fileRef = 0EABD7CA26613A9C001BE28C /* AppDelegate.swift */; };
		0EABD7CD26613A9C001BE28C /* SceneDelegate.swift in Sources */ = {isa = PBXBuildFile; fileRef = 0EABD7CC26613A9C001BE28C /* SceneDelegate.swift */; };
		0EABD7D426613A9D001BE28C /* Assets.xcassets in Resources */ = {isa = PBXBuildFile; fileRef = 0EABD7D326613A9D001BE28C /* Assets.xcassets */; };
		0EABD7D726613A9D001BE28C /* LaunchScreen.storyboard in Resources */ = {isa = PBXBuildFile; fileRef = 0EABD7D526613A9D001BE28C /* LaunchScreen.storyboard */; };
		0EABD7E726624770001BE28C /* TwitterMyPage.storyboard in Resources */ = {isa = PBXBuildFile; fileRef = 0EABD7E626624770001BE28C /* TwitterMyPage.storyboard */; };
		0EABD7E92662483D001BE28C /* SampleScrollView.storyboard in Resources */ = {isa = PBXBuildFile; fileRef = 0EABD7E82662483D001BE28C /* SampleScrollView.storyboard */; };
/* End PBXBuildFile section */

/* Begin PBXFileReference section */
		0E1216B626657DD90078826A /* Storyboard.storyboard */ = {isa = PBXFileReference; lastKnownFileType = file.storyboard; path = Storyboard.storyboard; sourceTree = "<group>"; };
		0EABD7C726613A9C001BE28C /* SampleAutoLayout.app */ = {isa = PBXFileReference; explicitFileType = wrapper.application; includeInIndex = 0; path = SampleAutoLayout.app; sourceTree = BUILT_PRODUCTS_DIR; };
		0EABD7CA26613A9C001BE28C /* AppDelegate.swift */ = {isa = PBXFileReference; lastKnownFileType = sourcecode.swift; path = AppDelegate.swift; sourceTree = "<group>"; };
		0EABD7CC26613A9C001BE28C /* SceneDelegate.swift */ = {isa = PBXFileReference; lastKnownFileType = sourcecode.swift; path = SceneDelegate.swift; sourceTree = "<group>"; };
		0EABD7D326613A9D001BE28C /* Assets.xcassets */ = {isa = PBXFileReference; lastKnownFileType = folder.assetcatalog; path = Assets.xcassets; sourceTree = "<group>"; };
		0EABD7D626613A9D001BE28C /* Base */ = {isa = PBXFileReference; lastKnownFileType = file.storyboard; name = Base; path = Base.lproj/LaunchScreen.storyboard; sourceTree = "<group>"; };
		0EABD7D826613A9D001BE28C /* Info.plist */ = {isa = PBXFileReference; lastKnownFileType = text.plist.xml; path = Info.plist; sourceTree = "<group>"; };
		0EABD7E626624770001BE28C /* TwitterMyPage.storyboard */ = {isa = PBXFileReference; lastKnownFileType = file.storyboard; path = TwitterMyPage.storyboard; sourceTree = "<group>"; };
		0EABD7E82662483D001BE28C /* SampleScrollView.storyboard */ = {isa = PBXFileReference; lastKnownFileType = file.storyboard; path = SampleScrollView.storyboard; sourceTree = "<group>"; };
/* End PBXFileReference section */

/* Begin PBXFrameworksBuildPhase section */
		0EABD7C426613A9C001BE28C /* Frameworks */ = {
			isa = PBXFrameworksBuildPhase;
			buildActionMask = 2147483647;
			files = (
			);
			runOnlyForDeploymentPostprocessing = 0;
		};
/* End PBXFrameworksBuildPhase section */

/* Begin PBXGroup section */
		0EABD7BE26613A9C001BE28C = {
			isa = PBXGroup;
			children = (
				0EABD7C926613A9C001BE28C /* SampleAutoLayout */,
				0EABD7C826613A9C001BE28C /* Products */,
			);
			sourceTree = "<group>";
		};
		0EABD7C826613A9C001BE28C /* Products */ = {
			isa = PBXGroup;
			children = (
				0EABD7C726613A9C001BE28C /* SampleAutoLayout.app */,
			);
			name = Products;
			sourceTree = "<group>";
		};
		0EABD7C926613A9C001BE28C /* SampleAutoLayout */ = {
			isa = PBXGroup;
			children = (
				0EABD7CA26613A9C001BE28C /* AppDelegate.swift */,
				0EABD7CC26613A9C001BE28C /* SceneDelegate.swift */,
				0EABD7E32662472E001BE28C /* Twitter */,
				0EABD7E82662483D001BE28C /* SampleScrollView.storyboard */,
				0EABD7D326613A9D001BE28C /* Assets.xcassets */,
				0EABD7D526613A9D001BE28C /* LaunchScreen.storyboard */,
				0EABD7D826613A9D001BE28C /* Info.plist */,
			);
			path = SampleAutoLayout;
			sourceTree = "<group>";
		};
		0EABD7E32662472E001BE28C /* Twitter */ = {
			isa = PBXGroup;
			children = (
				0EABD7E626624770001BE28C /* TwitterMyPage.storyboard */,
				0E1216B626657DD90078826A /* Storyboard.storyboard */,
			);
			path = Twitter;
			sourceTree = "<group>";
		};
/* End PBXGroup section */

/* Begin PBXNativeTarget section */
		0EABD7C626613A9C001BE28C /* SampleAutoLayout */ = {
			isa = PBXNativeTarget;
			buildConfigurationList = 0EABD7DB26613A9D001BE28C /* Build configuration list for PBXNativeTarget "SampleAutoLayout" */;
			buildPhases = (
				0EABD7C326613A9C001BE28C /* Sources */,
				0EABD7C426613A9C001BE28C /* Frameworks */,
				0EABD7C526613A9C001BE28C /* Resources */,
			);
			buildRules = (
			);
			dependencies = (
			);
			name = SampleAutoLayout;
			productName = SampleAutoLayout;
			productReference = 0EABD7C726613A9C001BE28C /* SampleAutoLayout.app */;
			productType = "com.apple.product-type.application";
		};
/* End PBXNativeTarget section */

/* Begin PBXProject section */
		0EABD7BF26613A9C001BE28C /* Project object */ = {
			isa = PBXProject;
			attributes = {
				LastSwiftUpdateCheck = 1250;
				LastUpgradeCheck = 1250;
				TargetAttributes = {
					0EABD7C626613A9C001BE28C = {
						CreatedOnToolsVersion = 12.5;
					};
				};
			};
			buildConfigurationList = 0EABD7C226613A9C001BE28C /* Build configuration list for PBXProject "SampleAutoLayout" */;
			compatibilityVersion = "Xcode 9.3";
			developmentRegion = en;
			hasScannedForEncodings = 0;
			knownRegions = (
				en,
				Base,
			);
			mainGroup = 0EABD7BE26613A9C001BE28C;
			productRefGroup = 0EABD7C826613A9C001BE28C /* Products */;
			projectDirPath = "";
			projectRoot = "";
			targets = (
				0EABD7C626613A9C001BE28C /* SampleAutoLayout */,
			);
		};
/* End PBXProject section */

/* Begin PBXResourcesBuildPhase section */
		0EABD7C526613A9C001BE28C /* Resources */ = {
			isa = PBXResourcesBuildPhase;
			buildActionMask = 2147483647;
			files = (
				0EABD7E92662483D001BE28C /* SampleScrollView.storyboard in Resources */,
				0EABD7D726613A9D001BE28C /* LaunchScreen.storyboard in Resources */,
				0EABD7E726624770001BE28C /* TwitterMyPage.storyboard in Resources */,
				0EABD7D426613A9D001BE28C /* Assets.xcassets in Resources */,
				0E1216B726657DD90078826A /* Storyboard.storyboard in Resources */,
			);
			runOnlyForDeploymentPostprocessing = 0;
		};
/* End PBXResourcesBuildPhase section */

/* Begin PBXSourcesBuildPhase section */
		0EABD7C326613A9C001BE28C /* Sources */ = {
			isa = PBXSourcesBuildPhase;
			buildActionMask = 2147483647;
			files = (
				0EABD7CB26613A9C001BE28C /* AppDelegate.swift in Sources */,
				0EABD7CD26613A9C001BE28C /* SceneDelegate.swift in Sources */,
			);
			runOnlyForDeploymentPostprocessing = 0;
		};
/* End PBXSourcesBuildPhase section */

/* Begin PBXVariantGroup section */
		0EABD7D526613A9D001BE28C /* LaunchScreen.storyboard */ = {
			isa = PBXVariantGroup;
			children = (
				0EABD7D626613A9D001BE28C /* Base */,
			);
			name = LaunchScreen.storyboard;
			sourceTree = "<group>";
		};
/* End PBXVariantGroup section */

/* Begin XCBuildConfiguration section */
		0EABD7D926613A9D001BE28C /* Debug */ = {
			isa = XCBuildConfiguration;
			buildSettings = {
				ALWAYS_SEARCH_USER_PATHS = NO;
				CLANG_ANALYZER_NONNULL = YES;
				CLANG_ANALYZER_NUMBER_OBJECT_CONVERSION = YES_AGGRESSIVE;
				CLANG_CXX_LANGUAGE_STANDARD = "gnu++14";
				CLANG_CXX_LIBRARY = "libc++";
				CLANG_ENABLE_MODULES = YES;
				CLANG_ENABLE_OBJC_ARC = YES;
				CLANG_ENABLE_OBJC_WEAK = YES;
				CLANG_WARN_BLOCK_CAPTURE_AUTORELEASING = YES;
				CLANG_WARN_BOOL_CONVERSION = YES;
				CLANG_WARN_COMMA = YES;
				CLANG_WARN_CONSTANT_CONVERSION = YES;
				CLANG_WARN_DEPRECATED_OBJC_IMPLEMENTATIONS = YES;
				CLANG_WARN_DIRECT_OBJC_ISA_USAGE = YES_ERROR;
				CLANG_WARN_DOCUMENTATION_COMMENTS = YES;
				CLANG_WARN_EMPTY_BODY = YES;
				CLANG_WARN_ENUM_CONVERSION = YES;
				CLANG_WARN_INFINITE_RECURSION = YES;
				CLANG_WARN_INT_CONVERSION = YES;
				CLANG_WARN_NON_LITERAL_NULL_CONVERSION = YES;
				CLANG_WARN_OBJC_IMPLICIT_RETAIN_SELF = YES;
				CLANG_WARN_OBJC_LITERAL_CONVERSION = YES;
				CLANG_WARN_OBJC_ROOT_CLASS = YES_ERROR;
				CLANG_WARN_QUOTED_INCLUDE_IN_FRAMEWORK_HEADER = YES;
				CLANG_WARN_RANGE_LOOP_ANALYSIS = YES;
				CLANG_WARN_STRICT_PROTOTYPES = YES;
				CLANG_WARN_SUSPICIOUS_MOVE = YES;
				CLANG_WARN_UNGUARDED_AVAILABILITY = YES_AGGRESSIVE;
				CLANG_WARN_UNREACHABLE_CODE = YES;
				CLANG_WARN__DUPLICATE_METHOD_MATCH = YES;
				COPY_PHASE_STRIP = NO;
				DEBUG_INFORMATION_FORMAT = dwarf;
				ENABLE_STRICT_OBJC_MSGSEND = YES;
				ENABLE_TESTABILITY = YES;
				GCC_C_LANGUAGE_STANDARD = gnu11;
				GCC_DYNAMIC_NO_PIC = NO;
				GCC_NO_COMMON_BLOCKS = YES;
				GCC_OPTIMIZATION_LEVEL = 0;
				GCC_PREPROCESSOR_DEFINITIONS = (
					"DEBUG=1",
					"$(inherited)",
				);
				GCC_WARN_64_TO_32_BIT_CONVERSION = YES;
				GCC_WARN_ABOUT_RETURN_TYPE = YES_ERROR;
				GCC_WARN_UNDECLARED_SELECTOR = YES;
				GCC_WARN_UNINITIALIZED_AUTOS = YES_AGGRESSIVE;
				GCC_WARN_UNUSED_FUNCTION = YES;
				GCC_WARN_UNUSED_VARIABLE = YES;
				IPHONEOS_DEPLOYMENT_TARGET = 14.5;
				MTL_ENABLE_DEBUG_INFO = INCLUDE_SOURCE;
				MTL_FAST_MATH = YES;
				ONLY_ACTIVE_ARCH = YES;
				SDKROOT = iphoneos;
				SWIFT_ACTIVE_COMPILATION_CONDITIONS = DEBUG;
				SWIFT_OPTIMIZATION_LEVEL = "-Onone";
			};
			name = Debug;
		};
		0EABD7DA26613A9D001BE28C /* Release */ = {
			isa = XCBuildConfiguration;
			buildSettings = {
				ALWAYS_SEARCH_USER_PATHS = NO;
				CLANG_ANALYZER_NONNULL = YES;
				CLANG_ANALYZER_NUMBER_OBJECT_CONVERSION = YES_AGGRESSIVE;
				CLANG_CXX_LANGUAGE_STANDARD = "gnu++14";
				CLANG_CXX_LIBRARY = "libc++";
				CLANG_ENABLE_MODULES = YES;
				CLANG_ENABLE_OBJC_ARC = YES;
				CLANG_ENABLE_OBJC_WEAK = YES;
				CLANG_WARN_BLOCK_CAPTURE_AUTORELEASING = YES;
				CLANG_WARN_BOOL_CONVERSION = YES;
				CLANG_WARN_COMMA = YES;
				CLANG_WARN_CONSTANT_CONVERSION = YES;
				CLANG_WARN_DEPRECATED_OBJC_IMPLEMENTATIONS = YES;
				CLANG_WARN_DIRECT_OBJC_ISA_USAGE = YES_ERROR;
				CLANG_WARN_DOCUMENTATION_COMMENTS = YES;
				CLANG_WARN_EMPTY_BODY = YES;
				CLANG_WARN_ENUM_CONVERSION = YES;
				CLANG_WARN_INFINITE_RECURSION = YES;
				CLANG_WARN_INT_CONVERSION = YES;
				CLANG_WARN_NON_LITERAL_NULL_CONVERSION = YES;
				CLANG_WARN_OBJC_IMPLICIT_RETAIN_SELF = YES;
				CLANG_WARN_OBJC_LITERAL_CONVERSION = YES;
				CLANG_WARN_OBJC_ROOT_CLASS = YES_ERROR;
				CLANG_WARN_QUOTED_INCLUDE_IN_FRAMEWORK_HEADER = YES;
				CLANG_WARN_RANGE_LOOP_ANALYSIS = YES;
				CLANG_WARN_STRICT_PROTOTYPES = YES;
				CLANG_WARN_SUSPICIOUS_MOVE = YES;
				CLANG_WARN_UNGUARDED_AVAILABILITY = YES_AGGRESSIVE;
				CLANG_WARN_UNREACHABLE_CODE = YES;
				CLANG_WARN__DUPLICATE_METHOD_MATCH = YES;
				COPY_PHASE_STRIP = NO;
				DEBUG_INFORMATION_FORMAT = "dwarf-with-dsym";
				ENABLE_NS_ASSERTIONS = NO;
				ENABLE_STRICT_OBJC_MSGSEND = YES;
				GCC_C_LANGUAGE_STANDARD = gnu11;
				GCC_NO_COMMON_BLOCKS = YES;
				GCC_WARN_64_TO_32_BIT_CONVERSION = YES;
				GCC_WARN_ABOUT_RETURN_TYPE = YES_ERROR;
				GCC_WARN_UNDECLARED_SELECTOR = YES;
				GCC_WARN_UNINITIALIZED_AUTOS = YES_AGGRESSIVE;
				GCC_WARN_UNUSED_FUNCTION = YES;
				GCC_WARN_UNUSED_VARIABLE = YES;
				IPHONEOS_DEPLOYMENT_TARGET = 14.5;
				MTL_ENABLE_DEBUG_INFO = NO;
				MTL_FAST_MATH = YES;
				SDKROOT = iphoneos;
				SWIFT_COMPILATION_MODE = wholemodule;
				SWIFT_OPTIMIZATION_LEVEL = "-O";
				VALIDATE_PRODUCT = YES;
			};
			name = Release;
		};
		0EABD7DC26613A9D001BE28C /* Debug */ = {
			isa = XCBuildConfiguration;
			buildSettings = {
				ASSETCATALOG_COMPILER_APPICON_NAME = AppIcon;
				ASSETCATALOG_COMPILER_GLOBAL_ACCENT_COLOR_NAME = AccentColor;
				CODE_SIGN_STYLE = Automatic;
				DEVELOPMENT_TEAM = DP64W5P5DK;
				INFOPLIST_FILE = SampleAutoLayout/Info.plist;
				LD_RUNPATH_SEARCH_PATHS = (
					"$(inherited)",
					"@executable_path/Frameworks",
				);
				PRODUCT_BUNDLE_IDENTIFIER = com.mkt1997.SampleAutoLayout;
				PRODUCT_NAME = "$(TARGET_NAME)";
				SWIFT_VERSION = 5.0;
				TARGETED_DEVICE_FAMILY = "1,2";
			};
			name = Debug;
		};
		0EABD7DD26613A9D001BE28C /* Release */ = {
			isa = XCBuildConfiguration;
			buildSettings = {
				ASSETCATALOG_COMPILER_APPICON_NAME = AppIcon;
				ASSETCATALOG_COMPILER_GLOBAL_ACCENT_COLOR_NAME = AccentColor;
				CODE_SIGN_STYLE = Automatic;
				DEVELOPMENT_TEAM = DP64W5P5DK;
				INFOPLIST_FILE = SampleAutoLayout/Info.plist;
				LD_RUNPATH_SEARCH_PATHS = (
					"$(inherited)",
					"@executable_path/Frameworks",
				);
				PRODUCT_BUNDLE_IDENTIFIER = com.mkt1997.SampleAutoLayout;
				PRODUCT_NAME = "$(TARGET_NAME)";
				SWIFT_VERSION = 5.0;
				TARGETED_DEVICE_FAMILY = "1,2";
			};
			name = Release;
		};
/* End XCBuildConfiguration section */

/* Begin XCConfigurationList section */
		0EABD7C226613A9C001BE28C /* Build configuration list for PBXProject "SampleAutoLayout" */ = {
			isa = XCConfigurationList;
			buildConfigurations = (
				0EABD7D926613A9D001BE28C /* Debug */,
				0EABD7DA26613A9D001BE28C /* Release */,
			);
			defaultConfigurationIsVisible = 0;
			defaultConfigurationName = Release;
		};
		0EABD7DB26613A9D001BE28C /* Build configuration list for PBXNativeTarget "SampleAutoLayout" */ = {
			isa = XCConfigurationList;
			buildConfigurations = (
				0EABD7DC26613A9D001BE28C /* Debug */,
				0EABD7DD26613A9D001BE28C /* Release */,
			);
			defaultConfigurationIsVisible = 0;
			defaultConfigurationName = Release;
		};
/* End XCConfigurationList section */
	};
	rootObject = 0EABD7BF26613A9C001BE28C /* Project object */;
}
